
Microsoft Visual Studio Solution File, Format Version 12.00
# Visual Studio Version 16
VisualStudioVersion = 16.0.31019.35
MinimumVisualStudioVersion = 10.0.40219.1
Project("{FAE04EC0-301F-11D3-BF4B-00C04F79EFBC}") = "VoxIA.Mobile.Android", "src\mobile\VoxIA.Mobile\VoxIA.Mobile.Android\VoxIA.Mobile.Android.csproj", "{7F9AF50C-4005-4A93-9222-81D980604D2D}"
EndProject
Project("{9A19103F-16F7-4668-BE54-9A1E7A4F7556}") = "VoxIA.Mobile", "src\mobile\VoxIA.Mobile\VoxIA.Mobile\VoxIA.Mobile.csproj", "{9BD2EE52-FF51-40EF-811D-E2C292837737}"
EndProject
Project("{2150E333-8FDC-42A3-9474-1A3956D46DE8}") = "Solution Items", "Solution Items", "{643F5A1F-5694-417A-A838-A11C0A252C2C}"
	ProjectSection(SolutionItems) = preProject
		.gitignore = .gitignore
		README.md = README.md
	EndProjectSection
EndProject
Project("{2150E333-8FDC-42A3-9474-1A3956D46DE8}") = "src", "src", "{D942BAB9-E6EC-4EA1-961B-CA4800827BB2}"
EndProject
Project("{2150E333-8FDC-42A3-9474-1A3956D46DE8}") = "mobile", "mobile", "{21640164-CFF6-4040-80DA-FD0914A3E7CB}"
EndProject
Project("{2150E333-8FDC-42A3-9474-1A3956D46DE8}") = "ice", "ice", "{AB62AE63-7A69-483D-BED2-84C1B3AD1152}"
EndProject
Project("{2150E333-8FDC-42A3-9474-1A3956D46DE8}") = "contracts", "contracts", "{8639760F-38A0-4906-92CC-88E4FFA31FF9}"
	ProjectSection(SolutionItems) = preProject
		src\ice\contracts\MediaServer.ice = src\ice\contracts\MediaServer.ice
	EndProjectSection
EndProject
Project("{2150E333-8FDC-42A3-9474-1A3956D46DE8}") = "assets", "assets", "{A52EF04E-9141-4AC3-A50E-A155747E1399}"
	ProjectSection(SolutionItems) = preProject
		assets\project-structure.png = assets\project-structure.png
	EndProjectSection
EndProject
Project("{9A19103F-16F7-4668-BE54-9A1E7A4F7556}") = "VoxIA.ZerocIce.Client", "src\ice\VoxIA.ZerocIce.Client\VoxIA.ZerocIce.Client.csproj", "{04CAF7F3-8A6F-4DDF-AE77-8D0CE85E8A2D}"
EndProject
Project("{9A19103F-16F7-4668-BE54-9A1E7A4F7556}") = "VoxIA.ZerocIce.Core", "src\ice\VoxIA.ZerocIce.Core\VoxIA.ZerocIce.Core.csproj", "{5F4E6E7C-2CC8-48B2-9596-F8F362438BA4}"
EndProject
Project("{9A19103F-16F7-4668-BE54-9A1E7A4F7556}") = "VoxIA.ZerocIce.Server", "src\ice\VoxIA.ZerocIce.Server\VoxIA.ZerocIce.Server.csproj", "{25021D76-DCA3-4BD5-B1CB-D3FC1DB7F4C0}"
EndProject
Project("{9A19103F-16F7-4668-BE54-9A1E7A4F7556}") = "VoxIA.ZeroIce.Tests", "src\ice\VoxIA.ZeroIce.Tests\VoxIA.ZeroIce.Tests.csproj", "{B7DD2A60-C336-4F3B-AB8B-46A3CDFE7B07}"
EndProject
Project("{2150E333-8FDC-42A3-9474-1A3956D46DE8}") = "nlu", "nlu", "{E3049B8B-EF63-4982-B221-AF2452EE3340}"
EndProject
Project("{2150E333-8FDC-42A3-9474-1A3956D46DE8}") = "asr", "asr", "{0E4895A9-47FE-4AF6-9908-47EF3932C024}"
EndProject
Project("{2150E333-8FDC-42A3-9474-1A3956D46DE8}") = "app", "app", "{C6071319-BA39-4B7D-A1B3-717817BEFE06}"
EndProject
Project("{2150E333-8FDC-42A3-9474-1A3956D46DE8}") = "rasa", "rasa", "{9C4C4D6D-0E4A-4FE3-89C7-AF73CDB6B4D4}"
	ProjectSection(SolutionItems) = preProject
		src\nlu\rasa\.dockerignore = src\nlu\rasa\.dockerignore
		src\nlu\rasa\Dockerfile = src\nlu\rasa\Dockerfile
		src\nlu\rasa\requirements.txt = src\nlu\rasa\requirements.txt
	EndProjectSection
EndProject
Project("{E53339B2-1760-4266-BCC7-CA923CBCF16C}") = "docker-compose", "docker-compose.dcproj", "{D1EDB4E0-A20D-4DE3-B4F9-29A408E7F3C1}"
EndProject
Global
	GlobalSection(SolutionConfigurationPlatforms) = preSolution
		Debug|Any CPU = Debug|Any CPU
		Release|Any CPU = Release|Any CPU
	EndGlobalSection
	GlobalSection(ProjectConfigurationPlatforms) = postSolution
		{7F9AF50C-4005-4A93-9222-81D980604D2D}.Debug|Any CPU.ActiveCfg = Debug|Any CPU
		{7F9AF50C-4005-4A93-9222-81D980604D2D}.Debug|Any CPU.Build.0 = Debug|Any CPU
		{7F9AF50C-4005-4A93-9222-81D980604D2D}.Debug|Any CPU.Deploy.0 = Debug|Any CPU
		{7F9AF50C-4005-4A93-9222-81D980604D2D}.Release|Any CPU.ActiveCfg = Release|Any CPU
		{7F9AF50C-4005-4A93-9222-81D980604D2D}.Release|Any CPU.Build.0 = Release|Any CPU
		{7F9AF50C-4005-4A93-9222-81D980604D2D}.Release|Any CPU.Deploy.0 = Release|Any CPU
		{9BD2EE52-FF51-40EF-811D-E2C292837737}.Debug|Any CPU.ActiveCfg = Debug|Any CPU
		{9BD2EE52-FF51-40EF-811D-E2C292837737}.Debug|Any CPU.Build.0 = Debug|Any CPU
		{9BD2EE52-FF51-40EF-811D-E2C292837737}.Debug|Any CPU.Deploy.0 = Debug|Any CPU
		{9BD2EE52-FF51-40EF-811D-E2C292837737}.Release|Any CPU.ActiveCfg = Release|Any CPU
		{9BD2EE52-FF51-40EF-811D-E2C292837737}.Release|Any CPU.Build.0 = Release|Any CPU
		{9BD2EE52-FF51-40EF-811D-E2C292837737}.Release|Any CPU.Deploy.0 = Release|Any CPU
		{04CAF7F3-8A6F-4DDF-AE77-8D0CE85E8A2D}.Debug|Any CPU.ActiveCfg = Debug|Any CPU
		{04CAF7F3-8A6F-4DDF-AE77-8D0CE85E8A2D}.Debug|Any CPU.Build.0 = Debug|Any CPU
		{04CAF7F3-8A6F-4DDF-AE77-8D0CE85E8A2D}.Release|Any CPU.ActiveCfg = Release|Any CPU
		{04CAF7F3-8A6F-4DDF-AE77-8D0CE85E8A2D}.Release|Any CPU.Build.0 = Release|Any CPU
		{5F4E6E7C-2CC8-48B2-9596-F8F362438BA4}.Debug|Any CPU.ActiveCfg = Debug|Any CPU
		{5F4E6E7C-2CC8-48B2-9596-F8F362438BA4}.Debug|Any CPU.Build.0 = Debug|Any CPU
		{5F4E6E7C-2CC8-48B2-9596-F8F362438BA4}.Release|Any CPU.ActiveCfg = Release|Any CPU
		{5F4E6E7C-2CC8-48B2-9596-F8F362438BA4}.Release|Any CPU.Build.0 = Release|Any CPU
		{25021D76-DCA3-4BD5-B1CB-D3FC1DB7F4C0}.Debug|Any CPU.ActiveCfg = Debug|Any CPU
		{25021D76-DCA3-4BD5-B1CB-D3FC1DB7F4C0}.Debug|Any CPU.Build.0 = Debug|Any CPU
		{25021D76-DCA3-4BD5-B1CB-D3FC1DB7F4C0}.Release|Any CPU.ActiveCfg = Release|Any CPU
		{25021D76-DCA3-4BD5-B1CB-D3FC1DB7F4C0}.Release|Any CPU.Build.0 = Release|Any CPU
		{B7DD2A60-C336-4F3B-AB8B-46A3CDFE7B07}.Debug|Any CPU.ActiveCfg = Debug|Any CPU
		{B7DD2A60-C336-4F3B-AB8B-46A3CDFE7B07}.Debug|Any CPU.Build.0 = Debug|Any CPU
		{B7DD2A60-C336-4F3B-AB8B-46A3CDFE7B07}.Release|Any CPU.ActiveCfg = Release|Any CPU
		{B7DD2A60-C336-4F3B-AB8B-46A3CDFE7B07}.Release|Any CPU.Build.0 = Release|Any CPU
		{D1EDB4E0-A20D-4DE3-B4F9-29A408E7F3C1}.Debug|Any CPU.ActiveCfg = Debug|Any CPU
		{D1EDB4E0-A20D-4DE3-B4F9-29A408E7F3C1}.Debug|Any CPU.Build.0 = Debug|Any CPU
		{D1EDB4E0-A20D-4DE3-B4F9-29A408E7F3C1}.Release|Any CPU.ActiveCfg = Release|Any CPU
		{D1EDB4E0-A20D-4DE3-B4F9-29A408E7F3C1}.Release|Any CPU.Build.0 = Release|Any CPU
	EndGlobalSection
	GlobalSection(SolutionProperties) = preSolution
		HideSolutionNode = FALSE
	EndGlobalSection
	GlobalSection(NestedProjects) = preSolution
		{7F9AF50C-4005-4A93-9222-81D980604D2D} = {21640164-CFF6-4040-80DA-FD0914A3E7CB}
		{9BD2EE52-FF51-40EF-811D-E2C292837737} = {21640164-CFF6-4040-80DA-FD0914A3E7CB}
		{21640164-CFF6-4040-80DA-FD0914A3E7CB} = {D942BAB9-E6EC-4EA1-961B-CA4800827BB2}
		{AB62AE63-7A69-483D-BED2-84C1B3AD1152} = {D942BAB9-E6EC-4EA1-961B-CA4800827BB2}
		{8639760F-38A0-4906-92CC-88E4FFA31FF9} = {AB62AE63-7A69-483D-BED2-84C1B3AD1152}
		{04CAF7F3-8A6F-4DDF-AE77-8D0CE85E8A2D} = {AB62AE63-7A69-483D-BED2-84C1B3AD1152}
		{5F4E6E7C-2CC8-48B2-9596-F8F362438BA4} = {AB62AE63-7A69-483D-BED2-84C1B3AD1152}
		{25021D76-DCA3-4BD5-B1CB-D3FC1DB7F4C0} = {AB62AE63-7A69-483D-BED2-84C1B3AD1152}
		{B7DD2A60-C336-4F3B-AB8B-46A3CDFE7B07} = {AB62AE63-7A69-483D-BED2-84C1B3AD1152}
		{E3049B8B-EF63-4982-B221-AF2452EE3340} = {D942BAB9-E6EC-4EA1-961B-CA4800827BB2}
		{0E4895A9-47FE-4AF6-9908-47EF3932C024} = {D942BAB9-E6EC-4EA1-961B-CA4800827BB2}
		{C6071319-BA39-4B7D-A1B3-717817BEFE06} = {0E4895A9-47FE-4AF6-9908-47EF3932C024}
		{9C4C4D6D-0E4A-4FE3-89C7-AF73CDB6B4D4} = {E3049B8B-EF63-4982-B221-AF2452EE3340}
	EndGlobalSection
	GlobalSection(ExtensibilityGlobals) = postSolution
		SolutionGuid = {3FA24D14-D770-452A-AE35-36AE834E103F}
	EndGlobalSection
EndGlobal
